{
    "version": 3,
    "terraform_version": "0.11.13",
    "serial": 56,
    "lineage": "591d8e82-a6ca-f965-9b15-1274472b46d6",
    "modules": [
        {
            "path": [
                "root"
            ],
            "outputs": {
                "instance_ids": {
                    "sensitive": false,
                    "type": "list",
                    "value": [
                        "13.232.95.17"
                    ]
                }
            },
            "resources": {
                "aws_autoscaling_group.autoscaling": {
                    "type": "aws_autoscaling_group",
                    "depends_on": [
                        "aws_launch_configuration.launchconfig",
                        "aws_subnet.moonshot_public_1",
                        "aws_subnet.moonshot_public_2"
                    ],
                    "primary": {
                        "id": "autoscaling",
                        "attributes": {
                            "arn": "arn:aws:autoscaling:ap-south-1:402419877348:autoScalingGroup:9ee167e5-6d46-4254-9eff-9988be573532:autoScalingGroupName/autoscaling",
                            "availability_zones.#": "2",
                            "availability_zones.1163474009": "ap-south-1a",
                            "availability_zones.3696256483": "ap-south-1b",
                            "default_cooldown": "300",
                            "desired_capacity": "1",
                            "enabled_metrics.#": "0",
                            "force_delete": "true",
                            "health_check_grace_period": "300",
                            "health_check_type": "EC2",
                            "id": "autoscaling",
                            "launch_configuration": "launchconfig",
                            "launch_template.#": "0",
                            "load_balancers.#": "0",
                            "max_size": "5",
                            "metrics_granularity": "1Minute",
                            "min_size": "1",
                            "mixed_instances_policy.#": "0",
                            "name": "autoscaling",
                            "placement_group": "",
                            "protect_from_scale_in": "false",
                            "service_linked_role_arn": "arn:aws:iam::402419877348:role/aws-service-role/autoscaling.amazonaws.com/AWSServiceRoleForAutoScaling",
                            "suspended_processes.#": "0",
                            "tag.#": "1",
                            "tag.1408005840.key": "Name",
                            "tag.1408005840.propagate_at_launch": "true",
                            "tag.1408005840.value": "ec2 instance",
                            "target_group_arns.#": "0",
                            "termination_policies.#": "0",
                            "vpc_zone_identifier.#": "2",
                            "vpc_zone_identifier.3087930305": "subnet-0622e3a95b82e9e5d",
                            "vpc_zone_identifier.3601645709": "subnet-0b5564988777588d0",
                            "wait_for_capacity_timeout": "10m"
                        },
                        "meta": {
                            "e2bfb730-ecaa-11e6-8f88-34363bc7c4c0": {
                                "delete": 600000000000
                            }
                        },
                        "tainted": false
                    },
                    "deposed": [],
                    "provider": "provider.aws"
                },
                "aws_autoscaling_policy.cpu-policy": {
                    "type": "aws_autoscaling_policy",
                    "depends_on": [
                        "aws_autoscaling_group.autoscaling"
                    ],
                    "primary": {
                        "id": "cpu-policy",
                        "attributes": {
                            "adjustment_type": "ChangeInCapacity",
                            "arn": "arn:aws:autoscaling:ap-south-1:402419877348:scalingPolicy:a42d7992-0b20-4daf-9f93-1b6f1144f892:autoScalingGroupName/autoscaling:policyName/cpu-policy",
                            "autoscaling_group_name": "autoscaling",
                            "cooldown": "300",
                            "estimated_instance_warmup": "0",
                            "id": "cpu-policy",
                            "metric_aggregation_type": "",
                            "name": "cpu-policy",
                            "policy_type": "SimpleScaling",
                            "scaling_adjustment": "1",
                            "step_adjustment.#": "0",
                            "target_tracking_configuration.#": "0"
                        },
                        "meta": {},
                        "tainted": false
                    },
                    "deposed": [],
                    "provider": "provider.aws"
                },
                "aws_autoscaling_policy.cpu-policy-scaledown": {
                    "type": "aws_autoscaling_policy",
                    "depends_on": [
                        "aws_autoscaling_group.autoscaling"
                    ],
                    "primary": {
                        "id": "cpu-policy-scaledown",
                        "attributes": {
                            "adjustment_type": "ChangeInCapacity",
                            "arn": "arn:aws:autoscaling:ap-south-1:402419877348:scalingPolicy:ed163ea6-4057-467e-a553-52b84d9b302c:autoScalingGroupName/autoscaling:policyName/cpu-policy-scaledown",
                            "autoscaling_group_name": "autoscaling",
                            "cooldown": "300",
                            "estimated_instance_warmup": "0",
                            "id": "cpu-policy-scaledown",
                            "metric_aggregation_type": "",
                            "name": "cpu-policy-scaledown",
                            "policy_type": "SimpleScaling",
                            "scaling_adjustment": "-1",
                            "step_adjustment.#": "0",
                            "target_tracking_configuration.#": "0"
                        },
                        "meta": {},
                        "tainted": false
                    },
                    "deposed": [],
                    "provider": "provider.aws"
                },
                "aws_cloudwatch_metric_alarm.cpu-alarm": {
                    "type": "aws_cloudwatch_metric_alarm",
                    "depends_on": [
                        "aws_autoscaling_group.autoscaling",
                        "aws_autoscaling_policy.cpu-policy"
                    ],
                    "primary": {
                        "id": "cpu-alarm",
                        "attributes": {
                            "actions_enabled": "true",
                            "alarm_actions.#": "1",
                            "alarm_actions.3190893330": "arn:aws:autoscaling:ap-south-1:402419877348:scalingPolicy:a42d7992-0b20-4daf-9f93-1b6f1144f892:autoScalingGroupName/autoscaling:policyName/cpu-policy",
                            "alarm_description": "cpu-alarm",
                            "alarm_name": "cpu-alarm",
                            "arn": "arn:aws:cloudwatch:ap-south-1:402419877348:alarm:cpu-alarm",
                            "comparison_operator": "GreaterThanOrEqualToThreshold",
                            "datapoints_to_alarm": "0",
                            "dimensions.%": "1",
                            "dimensions.AutoScalingGroupName": "autoscaling",
                            "evaluate_low_sample_count_percentiles": "",
                            "evaluation_periods": "2",
                            "extended_statistic": "",
                            "id": "cpu-alarm",
                            "insufficient_data_actions.#": "0",
                            "metric_name": "CPUUtilization",
                            "namespace": "AWS/EC2",
                            "ok_actions.#": "0",
                            "period": "120",
                            "statistic": "Average",
                            "threshold": "30",
                            "treat_missing_data": "missing",
                            "unit": ""
                        },
                        "meta": {
                            "schema_version": "1"
                        },
                        "tainted": false
                    },
                    "deposed": [],
                    "provider": "provider.aws"
                },
                "aws_cloudwatch_metric_alarm.cpu-alarm-scaledown": {
                    "type": "aws_cloudwatch_metric_alarm",
                    "depends_on": [
                        "aws_autoscaling_group.autoscaling",
                        "aws_autoscaling_policy.cpu-policy-scaledown"
                    ],
                    "primary": {
                        "id": "cpu-alarm-scaledown",
                        "attributes": {
                            "actions_enabled": "true",
                            "alarm_actions.#": "1",
                            "alarm_actions.372755776": "arn:aws:autoscaling:ap-south-1:402419877348:scalingPolicy:ed163ea6-4057-467e-a553-52b84d9b302c:autoScalingGroupName/autoscaling:policyName/cpu-policy-scaledown",
                            "alarm_description": "cpu-alarm-scaledown",
                            "alarm_name": "cpu-alarm-scaledown",
                            "arn": "arn:aws:cloudwatch:ap-south-1:402419877348:alarm:cpu-alarm-scaledown",
                            "comparison_operator": "LessThanOrEqualToThreshold",
                            "datapoints_to_alarm": "0",
                            "dimensions.%": "1",
                            "dimensions.AutoScalingGroupName": "autoscaling",
                            "evaluate_low_sample_count_percentiles": "",
                            "evaluation_periods": "2",
                            "extended_statistic": "",
                            "id": "cpu-alarm-scaledown",
                            "insufficient_data_actions.#": "0",
                            "metric_name": "CPUUtilization",
                            "namespace": "AWS/EC2",
                            "ok_actions.#": "0",
                            "period": "120",
                            "statistic": "Average",
                            "threshold": "5",
                            "treat_missing_data": "missing",
                            "unit": ""
                        },
                        "meta": {
                            "schema_version": "1"
                        },
                        "tainted": false
                    },
                    "deposed": [],
                    "provider": "provider.aws"
                },
                "aws_elb.moonshot-elb": {
                    "type": "aws_elb",
                    "depends_on": [
                        "aws_security_group.moonshot-elb-sg",
                        "data.aws_availability_zones.all"
                    ],
                    "primary": {
                        "id": "moonshot-elb",
                        "attributes": {
                            "access_logs.#": "0",
                            "arn": "arn:aws:elasticloadbalancing:ap-south-1:402419877348:loadbalancer/moonshot-elb",
                            "availability_zones.#": "2",
                            "availability_zones.1163474009": "ap-south-1a",
                            "availability_zones.3696256483": "ap-south-1b",
                            "connection_draining": "false",
                            "connection_draining_timeout": "300",
                            "cross_zone_load_balancing": "true",
                            "dns_name": "moonshot-elb-1843333882.ap-south-1.elb.amazonaws.com",
                            "health_check.#": "1",
                            "health_check.0.healthy_threshold": "2",
                            "health_check.0.interval": "30",
                            "health_check.0.target": "HTTP:8080/",
                            "health_check.0.timeout": "3",
                            "health_check.0.unhealthy_threshold": "2",
                            "id": "moonshot-elb",
                            "idle_timeout": "60",
                            "instances.#": "0",
                            "internal": "false",
                            "listener.#": "1",
                            "listener.3931999347.instance_port": "8080",
                            "listener.3931999347.instance_protocol": "http",
                            "listener.3931999347.lb_port": "80",
                            "listener.3931999347.lb_protocol": "http",
                            "listener.3931999347.ssl_certificate_id": "",
                            "name": "moonshot-elb",
                            "security_groups.#": "1",
                            "security_groups.2089922657": "sg-0853ea675cab75b90",
                            "source_security_group": "402419877348/moonshot-elb-sg",
                            "source_security_group_id": "sg-0853ea675cab75b90",
                            "subnets.#": "2",
                            "subnets.335542017": "subnet-acd452e0",
                            "subnets.4052023231": "subnet-3263325a",
                            "tags.%": "0",
                            "zone_id": "ZP97RAFLXTNZK"
                        },
                        "meta": {},
                        "tainted": false
                    },
                    "deposed": [],
                    "provider": "provider.aws"
                },
                "aws_instance.Server": {
                    "type": "aws_instance",
                    "depends_on": [
                        "aws_security_group.sg-test",
                        "aws_subnet.moonshot_public_1"
                    ],
                    "primary": {
                        "id": "i-0c69f703b874444d4",
                        "attributes": {
                            "ami": "ami-5b673c34",
                            "arn": "arn:aws:ec2:ap-south-1:402419877348:instance/i-0c69f703b874444d4",
                            "associate_public_ip_address": "true",
                            "availability_zone": "ap-south-1a",
                            "cpu_core_count": "1",
                            "cpu_threads_per_core": "1",
                            "credit_specification.#": "1",
                            "credit_specification.0.cpu_credits": "standard",
                            "disable_api_termination": "false",
                            "ebs_block_device.#": "1",
                            "ebs_block_device.2659407853.delete_on_termination": "true",
                            "ebs_block_device.2659407853.device_name": "/dev/sdf",
                            "ebs_block_device.2659407853.encrypted": "false",
                            "ebs_block_device.2659407853.iops": "100",
                            "ebs_block_device.2659407853.snapshot_id": "",
                            "ebs_block_device.2659407853.volume_id": "vol-0feb7d99d41ea2491",
                            "ebs_block_device.2659407853.volume_size": "10",
                            "ebs_block_device.2659407853.volume_type": "gp2",
                            "ebs_optimized": "false",
                            "ephemeral_block_device.#": "0",
                            "get_password_data": "false",
                            "iam_instance_profile": "",
                            "id": "i-0c69f703b874444d4",
                            "instance_state": "running",
                            "instance_type": "t2.micro",
                            "ipv6_addresses.#": "0",
                            "key_name": "moonshot",
                            "monitoring": "false",
                            "network_interface.#": "0",
                            "password_data": "",
                            "placement_group": "",
                            "primary_network_interface_id": "eni-07fdd68acca2495f4",
                            "private_dns": "ip-10-10-1-49.ap-south-1.compute.internal",
                            "private_ip": "10.10.1.49",
                            "public_dns": "ec2-13-232-95-17.ap-south-1.compute.amazonaws.com",
                            "public_ip": "13.232.95.17",
                            "root_block_device.#": "1",
                            "root_block_device.0.delete_on_termination": "true",
                            "root_block_device.0.iops": "100",
                            "root_block_device.0.volume_id": "vol-0c98ad7e65a7fdcca",
                            "root_block_device.0.volume_size": "10",
                            "root_block_device.0.volume_type": "gp2",
                            "security_groups.#": "0",
                            "source_dest_check": "false",
                            "subnet_id": "subnet-0622e3a95b82e9e5d",
                            "tags.%": "1",
                            "tags.Name": "Server-001",
                            "tenancy": "default",
                            "volume_tags.%": "0",
                            "vpc_security_group_ids.#": "1",
                            "vpc_security_group_ids.3962730379": "sg-0217c1cd99100eaa9"
                        },
                        "meta": {
                            "e2bfb730-ecaa-11e6-8f88-34363bc7c4c0": {
                                "create": 600000000000,
                                "delete": 1200000000000,
                                "update": 600000000000
                            },
                            "schema_version": "1"
                        },
                        "tainted": false
                    },
                    "deposed": [],
                    "provider": "provider.aws"
                },
                "aws_internet_gateway.moonshot_gateway": {
                    "type": "aws_internet_gateway",
                    "depends_on": [
                        "aws_vpc.moonshot"
                    ],
                    "primary": {
                        "id": "igw-0736a0d02bd5aacb5",
                        "attributes": {
                            "id": "igw-0736a0d02bd5aacb5",
                            "owner_id": "402419877348",
                            "tags.%": "1",
                            "tags.Name": "moonshot_gateway",
                            "vpc_id": "vpc-00a5371d708409ccd"
                        },
                        "meta": {},
                        "tainted": false
                    },
                    "deposed": [],
                    "provider": "provider.aws"
                },
                "aws_launch_configuration.launchconfig": {
                    "type": "aws_launch_configuration",
                    "depends_on": [
                        "aws_security_group.sg-test"
                    ],
                    "primary": {
                        "id": "launchconfig",
                        "attributes": {
                            "associate_public_ip_address": "false",
                            "ebs_block_device.#": "0",
                            "ebs_optimized": "false",
                            "enable_monitoring": "true",
                            "ephemeral_block_device.#": "0",
                            "iam_instance_profile": "",
                            "id": "launchconfig",
                            "image_id": "ami-5b673c34",
                            "instance_type": "t2.micro",
                            "key_name": "moonshot",
                            "name": "launchconfig",
                            "root_block_device.#": "0",
                            "security_groups.#": "1",
                            "security_groups.3962730379": "sg-0217c1cd99100eaa9",
                            "spot_price": "",
                            "vpc_classic_link_id": "",
                            "vpc_classic_link_security_groups.#": "0"
                        },
                        "meta": {},
                        "tainted": false
                    },
                    "deposed": [],
                    "provider": "provider.aws"
                },
                "aws_route_table.moonshot_public": {
                    "type": "aws_route_table",
                    "depends_on": [
                        "aws_internet_gateway.moonshot_gateway",
                        "aws_vpc.moonshot"
                    ],
                    "primary": {
                        "id": "rtb-0401fa03e85c3e99a",
                        "attributes": {
                            "id": "rtb-0401fa03e85c3e99a",
                            "owner_id": "402419877348",
                            "propagating_vgws.#": "0",
                            "route.#": "1",
                            "route.1949465719.cidr_block": "0.0.0.0/0",
                            "route.1949465719.egress_only_gateway_id": "",
                            "route.1949465719.gateway_id": "igw-0736a0d02bd5aacb5",
                            "route.1949465719.instance_id": "",
                            "route.1949465719.ipv6_cidr_block": "",
                            "route.1949465719.nat_gateway_id": "",
                            "route.1949465719.network_interface_id": "",
                            "route.1949465719.transit_gateway_id": "",
                            "route.1949465719.vpc_peering_connection_id": "",
                            "tags.%": "1",
                            "tags.Name": "moonshot_public_1",
                            "vpc_id": "vpc-00a5371d708409ccd"
                        },
                        "meta": {},
                        "tainted": false
                    },
                    "deposed": [],
                    "provider": "provider.aws"
                },
                "aws_route_table_association.moonshot_public_1_a": {
                    "type": "aws_route_table_association",
                    "depends_on": [
                        "aws_route_table.moonshot_public",
                        "aws_subnet.moonshot_public_1"
                    ],
                    "primary": {
                        "id": "rtbassoc-077da6f8c9241a6c4",
                        "attributes": {
                            "id": "rtbassoc-077da6f8c9241a6c4",
                            "route_table_id": "rtb-0401fa03e85c3e99a",
                            "subnet_id": "subnet-0622e3a95b82e9e5d"
                        },
                        "meta": {},
                        "tainted": false
                    },
                    "deposed": [],
                    "provider": "provider.aws"
                },
                "aws_route_table_association.moonshot_public_2_b": {
                    "type": "aws_route_table_association",
                    "depends_on": [
                        "aws_route_table.moonshot_public",
                        "aws_subnet.moonshot_public_2"
                    ],
                    "primary": {
                        "id": "rtbassoc-076bc3247ebeabeba",
                        "attributes": {
                            "id": "rtbassoc-076bc3247ebeabeba",
                            "route_table_id": "rtb-0401fa03e85c3e99a",
                            "subnet_id": "subnet-0b5564988777588d0"
                        },
                        "meta": {},
                        "tainted": false
                    },
                    "deposed": [],
                    "provider": "provider.aws"
                },
                "aws_s3_bucket.moonshot": {
                    "type": "aws_s3_bucket",
                    "depends_on": [],
                    "primary": {
                        "id": "moonshot-bucket",
                        "attributes": {
                            "acceleration_status": "",
                            "acl": "public-read",
                            "arn": "arn:aws:s3:::moonshot-bucket",
                            "bucket": "moonshot-bucket",
                            "bucket_domain_name": "moonshot-bucket.s3.amazonaws.com",
                            "bucket_regional_domain_name": "moonshot-bucket.s3.ap-south-1.amazonaws.com",
                            "cors_rule.#": "0",
                            "force_destroy": "false",
                            "hosted_zone_id": "Z11RGJOFQNVJUP",
                            "id": "moonshot-bucket",
                            "lifecycle_rule.#": "2",
                            "lifecycle_rule.0.abort_incomplete_multipart_upload_days": "0",
                            "lifecycle_rule.0.enabled": "true",
                            "lifecycle_rule.0.expiration.#": "1",
                            "lifecycle_rule.0.expiration.4042355233.date": "",
                            "lifecycle_rule.0.expiration.4042355233.days": "90",
                            "lifecycle_rule.0.expiration.4042355233.expired_object_delete_marker": "false",
                            "lifecycle_rule.0.id": "log",
                            "lifecycle_rule.0.noncurrent_version_expiration.#": "0",
                            "lifecycle_rule.0.noncurrent_version_transition.#": "0",
                            "lifecycle_rule.0.prefix": "log/",
                            "lifecycle_rule.0.tags.%": "2",
                            "lifecycle_rule.0.tags.autoclean": "true",
                            "lifecycle_rule.0.tags.rule": "log",
                            "lifecycle_rule.0.transition.#": "2",
                            "lifecycle_rule.0.transition.2000431762.date": "",
                            "lifecycle_rule.0.transition.2000431762.days": "30",
                            "lifecycle_rule.0.transition.2000431762.storage_class": "STANDARD_IA",
                            "lifecycle_rule.0.transition.6450812.date": "",
                            "lifecycle_rule.0.transition.6450812.days": "60",
                            "lifecycle_rule.0.transition.6450812.storage_class": "GLACIER",
                            "lifecycle_rule.1.abort_incomplete_multipart_upload_days": "0",
                            "lifecycle_rule.1.enabled": "true",
                            "lifecycle_rule.1.expiration.#": "0",
                            "lifecycle_rule.1.id": "tf-s3-lifecycle-20190401093351259200000001",
                            "lifecycle_rule.1.noncurrent_version_expiration.#": "1",
                            "lifecycle_rule.1.noncurrent_version_expiration.1315073419.days": "90",
                            "lifecycle_rule.1.noncurrent_version_transition.#": "2",
                            "lifecycle_rule.1.noncurrent_version_transition.1377917700.days": "30",
                            "lifecycle_rule.1.noncurrent_version_transition.1377917700.storage_class": "STANDARD_IA",
                            "lifecycle_rule.1.noncurrent_version_transition.2528035817.days": "60",
                            "lifecycle_rule.1.noncurrent_version_transition.2528035817.storage_class": "GLACIER",
                            "lifecycle_rule.1.prefix": "config/",
                            "lifecycle_rule.1.tags.%": "0",
                            "lifecycle_rule.1.transition.#": "0",
                            "logging.#": "0",
                            "object_lock_configuration.#": "0",
                            "region": "ap-south-1",
                            "replication_configuration.#": "0",
                            "request_payer": "BucketOwner",
                            "server_side_encryption_configuration.#": "0",
                            "tags.%": "2",
                            "tags.Environment": "Prod",
                            "tags.Name": "My bucket",
                            "versioning.#": "1",
                            "versioning.0.enabled": "true",
                            "versioning.0.mfa_delete": "false",
                            "website.#": "0"
                        },
                        "meta": {},
                        "tainted": false
                    },
                    "deposed": [],
                    "provider": "provider.aws"
                },
                "aws_security_group.moonshot-elb-sg": {
                    "type": "aws_security_group",
                    "depends_on": [],
                    "primary": {
                        "id": "sg-0853ea675cab75b90",
                        "attributes": {
                            "arn": "arn:aws:ec2:ap-south-1:402419877348:security-group/sg-0853ea675cab75b90",
                            "description": "Managed by Terraform",
                            "egress.#": "1",
                            "egress.482069346.cidr_blocks.#": "1",
                            "egress.482069346.cidr_blocks.0": "0.0.0.0/0",
                            "egress.482069346.description": "",
                            "egress.482069346.from_port": "0",
                            "egress.482069346.ipv6_cidr_blocks.#": "0",
                            "egress.482069346.prefix_list_ids.#": "0",
                            "egress.482069346.protocol": "-1",
                            "egress.482069346.security_groups.#": "0",
                            "egress.482069346.self": "false",
                            "egress.482069346.to_port": "0",
                            "id": "sg-0853ea675cab75b90",
                            "ingress.#": "1",
                            "ingress.2214680975.cidr_blocks.#": "1",
                            "ingress.2214680975.cidr_blocks.0": "0.0.0.0/0",
                            "ingress.2214680975.description": "",
                            "ingress.2214680975.from_port": "80",
                            "ingress.2214680975.ipv6_cidr_blocks.#": "0",
                            "ingress.2214680975.prefix_list_ids.#": "0",
                            "ingress.2214680975.protocol": "tcp",
                            "ingress.2214680975.security_groups.#": "0",
                            "ingress.2214680975.self": "false",
                            "ingress.2214680975.to_port": "80",
                            "name": "moonshot-elb-sg",
                            "owner_id": "402419877348",
                            "revoke_rules_on_delete": "false",
                            "tags.%": "0",
                            "vpc_id": "vpc-0ff2da67"
                        },
                        "meta": {
                            "e2bfb730-ecaa-11e6-8f88-34363bc7c4c0": {
                                "create": 600000000000,
                                "delete": 600000000000
                            },
                            "schema_version": "1"
                        },
                        "tainted": false
                    },
                    "deposed": [],
                    "provider": "provider.aws"
                },
                "aws_security_group.sg-test": {
                    "type": "aws_security_group",
                    "depends_on": [
                        "aws_vpc.moonshot"
                    ],
                    "primary": {
                        "id": "sg-0217c1cd99100eaa9",
                        "attributes": {
                            "arn": "arn:aws:ec2:ap-south-1:402419877348:security-group/sg-0217c1cd99100eaa9",
                            "description": "Managed by Terraform",
                            "egress.#": "1",
                            "egress.482069346.cidr_blocks.#": "1",
                            "egress.482069346.cidr_blocks.0": "0.0.0.0/0",
                            "egress.482069346.description": "",
                            "egress.482069346.from_port": "0",
                            "egress.482069346.ipv6_cidr_blocks.#": "0",
                            "egress.482069346.prefix_list_ids.#": "0",
                            "egress.482069346.protocol": "-1",
                            "egress.482069346.security_groups.#": "0",
                            "egress.482069346.self": "false",
                            "egress.482069346.to_port": "0",
                            "id": "sg-0217c1cd99100eaa9",
                            "ingress.#": "4",
                            "ingress.2214680975.cidr_blocks.#": "1",
                            "ingress.2214680975.cidr_blocks.0": "0.0.0.0/0",
                            "ingress.2214680975.description": "",
                            "ingress.2214680975.from_port": "80",
                            "ingress.2214680975.ipv6_cidr_blocks.#": "0",
                            "ingress.2214680975.prefix_list_ids.#": "0",
                            "ingress.2214680975.protocol": "tcp",
                            "ingress.2214680975.security_groups.#": "0",
                            "ingress.2214680975.self": "false",
                            "ingress.2214680975.to_port": "80",
                            "ingress.2541437006.cidr_blocks.#": "1",
                            "ingress.2541437006.cidr_blocks.0": "0.0.0.0/0",
                            "ingress.2541437006.description": "",
                            "ingress.2541437006.from_port": "22",
                            "ingress.2541437006.ipv6_cidr_blocks.#": "0",
                            "ingress.2541437006.prefix_list_ids.#": "0",
                            "ingress.2541437006.protocol": "tcp",
                            "ingress.2541437006.security_groups.#": "0",
                            "ingress.2541437006.self": "false",
                            "ingress.2541437006.to_port": "22",
                            "ingress.2617001939.cidr_blocks.#": "1",
                            "ingress.2617001939.cidr_blocks.0": "0.0.0.0/0",
                            "ingress.2617001939.description": "",
                            "ingress.2617001939.from_port": "443",
                            "ingress.2617001939.ipv6_cidr_blocks.#": "0",
                            "ingress.2617001939.prefix_list_ids.#": "0",
                            "ingress.2617001939.protocol": "tcp",
                            "ingress.2617001939.security_groups.#": "0",
                            "ingress.2617001939.self": "false",
                            "ingress.2617001939.to_port": "443",
                            "ingress.516175195.cidr_blocks.#": "1",
                            "ingress.516175195.cidr_blocks.0": "0.0.0.0/0",
                            "ingress.516175195.description": "",
                            "ingress.516175195.from_port": "8080",
                            "ingress.516175195.ipv6_cidr_blocks.#": "0",
                            "ingress.516175195.prefix_list_ids.#": "0",
                            "ingress.516175195.protocol": "tcp",
                            "ingress.516175195.security_groups.#": "0",
                            "ingress.516175195.self": "false",
                            "ingress.516175195.to_port": "8080",
                            "name": "terraform-20190401093354967100000002",
                            "owner_id": "402419877348",
                            "revoke_rules_on_delete": "false",
                            "tags.%": "1",
                            "tags.Name": "sg-test",
                            "vpc_id": "vpc-00a5371d708409ccd"
                        },
                        "meta": {
                            "e2bfb730-ecaa-11e6-8f88-34363bc7c4c0": {
                                "create": 600000000000,
                                "delete": 600000000000
                            },
                            "schema_version": "1"
                        },
                        "tainted": false
                    },
                    "deposed": [],
                    "provider": "provider.aws"
                },
                "aws_subnet.moonshot_public_1": {
                    "type": "aws_subnet",
                    "depends_on": [
                        "aws_vpc.moonshot"
                    ],
                    "primary": {
                        "id": "subnet-0622e3a95b82e9e5d",
                        "attributes": {
                            "arn": "arn:aws:ec2:ap-south-1:402419877348:subnet/subnet-0622e3a95b82e9e5d",
                            "assign_ipv6_address_on_creation": "false",
                            "availability_zone": "ap-south-1a",
                            "availability_zone_id": "aps1-az1",
                            "cidr_block": "10.10.1.0/24",
                            "id": "subnet-0622e3a95b82e9e5d",
                            "ipv6_cidr_block": "",
                            "ipv6_cidr_block_association_id": "",
                            "map_public_ip_on_launch": "false",
                            "owner_id": "402419877348",
                            "tags.%": "1",
                            "tags.Name": "moonshot_public_1",
                            "vpc_id": "vpc-00a5371d708409ccd"
                        },
                        "meta": {
                            "e2bfb730-ecaa-11e6-8f88-34363bc7c4c0": {
                                "create": 600000000000,
                                "delete": 600000000000
                            },
                            "schema_version": "1"
                        },
                        "tainted": false
                    },
                    "deposed": [],
                    "provider": "provider.aws"
                },
                "aws_subnet.moonshot_public_2": {
                    "type": "aws_subnet",
                    "depends_on": [
                        "aws_vpc.moonshot"
                    ],
                    "primary": {
                        "id": "subnet-0b5564988777588d0",
                        "attributes": {
                            "arn": "arn:aws:ec2:ap-south-1:402419877348:subnet/subnet-0b5564988777588d0",
                            "assign_ipv6_address_on_creation": "false",
                            "availability_zone": "ap-south-1b",
                            "availability_zone_id": "aps1-az3",
                            "cidr_block": "10.10.2.0/24",
                            "id": "subnet-0b5564988777588d0",
                            "ipv6_cidr_block": "",
                            "ipv6_cidr_block_association_id": "",
                            "map_public_ip_on_launch": "false",
                            "owner_id": "402419877348",
                            "tags.%": "1",
                            "tags.Name": "moonshot_public_2",
                            "vpc_id": "vpc-00a5371d708409ccd"
                        },
                        "meta": {
                            "e2bfb730-ecaa-11e6-8f88-34363bc7c4c0": {
                                "create": 600000000000,
                                "delete": 600000000000
                            },
                            "schema_version": "1"
                        },
                        "tainted": false
                    },
                    "deposed": [],
                    "provider": "provider.aws"
                },
                "aws_vpc.moonshot": {
                    "type": "aws_vpc",
                    "depends_on": [],
                    "primary": {
                        "id": "vpc-00a5371d708409ccd",
                        "attributes": {
                            "arn": "arn:aws:ec2:ap-south-1:402419877348:vpc/vpc-00a5371d708409ccd",
                            "assign_generated_ipv6_cidr_block": "false",
                            "cidr_block": "10.10.0.0/16",
                            "default_network_acl_id": "acl-0b73e0c5f83098525",
                            "default_route_table_id": "rtb-068ea267d9632ec89",
                            "default_security_group_id": "sg-0785cb9811dbca311",
                            "dhcp_options_id": "dopt-6d928505",
                            "enable_classiclink": "false",
                            "enable_dns_hostnames": "true",
                            "enable_dns_support": "true",
                            "id": "vpc-00a5371d708409ccd",
                            "instance_tenancy": "default",
                            "ipv6_association_id": "",
                            "ipv6_cidr_block": "",
                            "main_route_table_id": "rtb-068ea267d9632ec89",
                            "owner_id": "402419877348",
                            "tags.%": "1",
                            "tags.Name": "moonshot"
                        },
                        "meta": {
                            "schema_version": "1"
                        },
                        "tainted": false
                    },
                    "deposed": [],
                    "provider": "provider.aws"
                },
                "data.aws_availability_zones.all": {
                    "type": "aws_availability_zones",
                    "depends_on": [],
                    "primary": {
                        "id": "2019-04-01 09:33:35.052947696 +0000 UTC",
                        "attributes": {
                            "id": "2019-04-01 09:33:35.052947696 +0000 UTC",
                            "names.#": "2",
                            "names.0": "ap-south-1a",
                            "names.1": "ap-south-1b",
                            "zone_ids.#": "2",
                            "zone_ids.0": "aps1-az1",
                            "zone_ids.1": "aps1-az3"
                        },
                        "meta": {},
                        "tainted": false
                    },
                    "deposed": [],
                    "provider": "provider.aws"
                }
            },
            "depends_on": []
        }
    ]
}
